
Microsoft Visual Studio Solution File, Format Version 12.00
# Visual Studio 2013
VisualStudioVersion = 12.0.30110.0
MinimumVisualStudioVersion = 10.0.40219.1
Project("{8BC9CEB8-8B4A-11D0-8D11-00A0C91BC942}") = "libzmq", "libzmq\libzmq.vcxproj", "{641C5F36-32EE-4323-B740-992B651CF9D6}"
EndProject
Project("{8BC9CEB8-8B4A-11D0-8D11-00A0C91BC942}") = "inproc_thr", "inproc_thr\inproc_thr.vcxproj", "{1077E977-95DD-4E73-A692-74647DD0CC1E}"
EndProject
Project("{8BC9CEB8-8B4A-11D0-8D11-00A0C91BC942}") = "inproc_lat", "inproc_lat\inproc_lat.vcxproj", "{6FF7436F-B3F6-4AE9-A3AC-CFDE8A3872A0}"
EndProject
Project("{8BC9CEB8-8B4A-11D0-8D11-00A0C91BC942}") = "remote_thr", "remote_thr\remote_thr.vcxproj", "{B15E059C-0CBB-4A82-8C42-6567FB650802}"
EndProject
Project("{8BC9CEB8-8B4A-11D0-8D11-00A0C91BC942}") = "remote_lat", "remote_lat\remote_lat.vcxproj", "{9C20A37C-5D9F-4C4C-A2D9-E6EE91A077D1}"
EndProject
Project("{8BC9CEB8-8B4A-11D0-8D11-00A0C91BC942}") = "local_thr", "local_thr\local_thr.vcxproj", "{8EF2DF6B-6646-460F-8032-913B70FE0E94}"
EndProject
Project("{8BC9CEB8-8B4A-11D0-8D11-00A0C91BC942}") = "local_lat", "local_lat\local_lat.vcxproj", "{4FDB8C73-9D4A-4D87-A4A9-A7FC06DFEA57}"
EndProject
Global
	GlobalSection(SolutionConfigurationPlatforms) = preSolution
		DynDebug|Win32 = DynDebug|Win32
		DynDebug|x64 = DynDebug|x64
		DynRelease|Win32 = DynRelease|Win32
		DynRelease|x64 = DynRelease|x64
		LtcgDebug|Win32 = LtcgDebug|Win32
		LtcgDebug|x64 = LtcgDebug|x64
		LtcgRelease|Win32 = LtcgRelease|Win32
		LtcgRelease|x64 = LtcgRelease|x64
		StaticDebug|Win32 = StaticDebug|Win32
		StaticDebug|x64 = StaticDebug|x64
		StaticRelease|Win32 = StaticRelease|Win32
		StaticRelease|x64 = StaticRelease|x64
	EndGlobalSection
	GlobalSection(ProjectConfigurationPlatforms) = postSolution
		{641C5F36-32EE-4323-B740-992B651CF9D6}.DynDebug|Win32.ActiveCfg = DebugDLL|Win32
		{641C5F36-32EE-4323-B740-992B651CF9D6}.DynDebug|Win32.Build.0 = DebugDLL|Win32
		{641C5F36-32EE-4323-B740-992B651CF9D6}.DynDebug|x64.ActiveCfg = DebugDLL|x64
		{641C5F36-32EE-4323-B740-992B651CF9D6}.DynDebug|x64.Build.0 = DebugDLL|x64
		{641C5F36-32EE-4323-B740-992B651CF9D6}.DynRelease|Win32.ActiveCfg = ReleaseDLL|Win32
		{641C5F36-32EE-4323-B740-992B651CF9D6}.DynRelease|Win32.Build.0 = ReleaseDLL|Win32
		{641C5F36-32EE-4323-B740-992B651CF9D6}.DynRelease|x64.ActiveCfg = ReleaseDLL|x64
		{641C5F36-32EE-4323-B740-992B651CF9D6}.DynRelease|x64.Build.0 = ReleaseDLL|x64
		{641C5F36-32EE-4323-B740-992B651CF9D6}.LtcgDebug|Win32.ActiveCfg = DebugLTCG|Win32
		{641C5F36-32EE-4323-B740-992B651CF9D6}.LtcgDebug|Win32.Build.0 = DebugLTCG|Win32
		{641C5F36-32EE-4323-B740-992B651CF9D6}.LtcgDebug|x64.ActiveCfg = DebugLTCG|x64
		{641C5F36-32EE-4323-B740-992B651CF9D6}.LtcgDebug|x64.Build.0 = DebugLTCG|x64
		{641C5F36-32EE-4323-B740-992B651CF9D6}.LtcgRelease|Win32.ActiveCfg = ReleaseLTCG|Win32
		{641C5F36-32EE-4323-B740-992B651CF9D6}.LtcgRelease|Win32.Build.0 = ReleaseLTCG|Win32
		{641C5F36-32EE-4323-B740-992B651CF9D6}.LtcgRelease|x64.ActiveCfg = ReleaseLTCG|x64
		{641C5F36-32EE-4323-B740-992B651CF9D6}.LtcgRelease|x64.Build.0 = ReleaseLTCG|x64
		{641C5F36-32EE-4323-B740-992B651CF9D6}.StaticDebug|Win32.ActiveCfg = DebugLIB|Win32
		{641C5F36-32EE-4323-B740-992B651CF9D6}.StaticDebug|Win32.Build.0 = DebugLIB|Win32
		{641C5F36-32EE-4323-B740-992B651CF9D6}.StaticDebug|x64.ActiveCfg = DebugLIB|x64
		{641C5F36-32EE-4323-B740-992B651CF9D6}.StaticDebug|x64.Build.0 = DebugLIB|x64
		{641C5F36-32EE-4323-B740-992B651CF9D6}.StaticRelease|Win32.ActiveCfg = ReleaseLIB|Win32
		{641C5F36-32EE-4323-B740-992B651CF9D6}.StaticRelease|Win32.Build.0 = ReleaseLIB|Win32
		{641C5F36-32EE-4323-B740-992B651CF9D6}.StaticRelease|x64.ActiveCfg = ReleaseLIB|x64
		{641C5F36-32EE-4323-B740-992B651CF9D6}.StaticRelease|x64.Build.0 = ReleaseLIB|x64
		{1077E977-95DD-4E73-A692-74647DD0CC1E}.DynDebug|Win32.ActiveCfg = DebugDEXE|Win32
		{1077E977-95DD-4E73-A692-74647DD0CC1E}.DynDebug|Win32.Build.0 = DebugDEXE|Win32
		{1077E977-95DD-4E73-A692-74647DD0CC1E}.DynDebug|x64.ActiveCfg = DebugDEXE|x64
		{1077E977-95DD-4E73-A692-74647DD0CC1E}.DynDebug|x64.Build.0 = DebugDEXE|x64
		{1077E977-95DD-4E73-A692-74647DD0CC1E}.DynRelease|Win32.ActiveCfg = ReleaseDEXE|Win32
		{1077E977-95DD-4E73-A692-74647DD0CC1E}.DynRelease|Win32.Build.0 = ReleaseDEXE|Win32
		{1077E977-95DD-4E73-A692-74647DD0CC1E}.DynRelease|x64.ActiveCfg = ReleaseDEXE|x64
		{1077E977-95DD-4E73-A692-74647DD0CC1E}.DynRelease|x64.Build.0 = ReleaseDEXE|x64
		{1077E977-95DD-4E73-A692-74647DD0CC1E}.LtcgDebug|Win32.ActiveCfg = DebugLEXE|Win32
		{1077E977-95DD-4E73-A692-74647DD0CC1E}.LtcgDebug|Win32.Build.0 = DebugLEXE|Win32
		{1077E977-95DD-4E73-A692-74647DD0CC1E}.LtcgDebug|x64.ActiveCfg = DebugLEXE|x64
		{1077E977-95DD-4E73-A692-74647DD0CC1E}.LtcgDebug|x64.Build.0 = DebugLEXE|x64
		{1077E977-95DD-4E73-A692-74647DD0CC1E}.LtcgRelease|Win32.ActiveCfg = ReleaseLEXE|Win32
		{1077E977-95DD-4E73-A692-74647DD0CC1E}.LtcgRelease|Win32.Build.0 = ReleaseLEXE|Win32
		{1077E977-95DD-4E73-A692-74647DD0CC1E}.LtcgRelease|x64.ActiveCfg = ReleaseLEXE|x64
		{1077E977-95DD-4E73-A692-74647DD0CC1E}.LtcgRelease|x64.Build.0 = ReleaseLEXE|x64
		{1077E977-95DD-4E73-A692-74647DD0CC1E}.StaticDebug|Win32.ActiveCfg = DebugSEXE|Win32
		{1077E977-95DD-4E73-A692-74647DD0CC1E}.StaticDebug|Win32.Build.0 = DebugSEXE|Win32
		{1077E977-95DD-4E73-A692-74647DD0CC1E}.StaticDebug|x64.ActiveCfg = DebugSEXE|x64
		{1077E977-95DD-4E73-A692-74647DD0CC1E}.StaticDebug|x64.Build.0 = DebugSEXE|x64
		{1077E977-95DD-4E73-A692-74647DD0CC1E}.StaticRelease|Win32.ActiveCfg = ReleaseSEXE|Win32
		{1077E977-95DD-4E73-A692-74647DD0CC1E}.StaticRelease|Win32.Build.0 = ReleaseSEXE|Win32
		{1077E977-95DD-4E73-A692-74647DD0CC1E}.StaticRelease|x64.ActiveCfg = ReleaseSEXE|x64
		{1077E977-95DD-4E73-A692-74647DD0CC1E}.StaticRelease|x64.Build.0 = ReleaseSEXE|x64
		{6FF7436F-B3F6-4AE9-A3AC-CFDE8A3872A0}.DynDebug|Win32.ActiveCfg = DebugDEXE|Win32
		{6FF7436F-B3F6-4AE9-A3AC-CFDE8A3872A0}.DynDebug|Win32.Build.0 = DebugDEXE|Win32
		{6FF7436F-B3F6-4AE9-A3AC-CFDE8A3872A0}.DynDebug|x64.ActiveCfg = DebugDEXE|x64
		{6FF7436F-B3F6-4AE9-A3AC-CFDE8A3872A0}.DynDebug|x64.Build.0 = DebugDEXE|x64
		{6FF7436F-B3F6-4AE9-A3AC-CFDE8A3872A0}.DynRelease|Win32.ActiveCfg = ReleaseDEXE|Win32
		{6FF7436F-B3F6-4AE9-A3AC-CFDE8A3872A0}.DynRelease|Win32.Build.0 = ReleaseDEXE|Win32
		{6FF7436F-B3F6-4AE9-A3AC-CFDE8A3872A0}.DynRelease|x64.ActiveCfg = ReleaseDEXE|x64
		{6FF7436F-B3F6-4AE9-A3AC-CFDE8A3872A0}.DynRelease|x64.Build.0 = ReleaseDEXE|x64
		{6FF7436F-B3F6-4AE9-A3AC-CFDE8A3872A0}.LtcgDebug|Win32.ActiveCfg = DebugLEXE|Win32
		{6FF7436F-B3F6-4AE9-A3AC-CFDE8A3872A0}.LtcgDebug|Win32.Build.0 = DebugLEXE|Win32
		{6FF7436F-B3F6-4AE9-A3AC-CFDE8A3872A0}.LtcgDebug|x64.ActiveCfg = DebugLEXE|x64
		{6FF7436F-B3F6-4AE9-A3AC-CFDE8A3872A0}.LtcgDebug|x64.Build.0 = DebugLEXE|x64
		{6FF7436F-B3F6-4AE9-A3AC-CFDE8A3872A0}.LtcgRelease|Win32.ActiveCfg = ReleaseLEXE|Win32
		{6FF7436F-B3F6-4AE9-A3AC-CFDE8A3872A0}.LtcgRelease|Win32.Build.0 = ReleaseLEXE|Win32
		{6FF7436F-B3F6-4AE9-A3AC-CFDE8A3872A0}.LtcgRelease|x64.ActiveCfg = ReleaseLEXE|x64
		{6FF7436F-B3F6-4AE9-A3AC-CFDE8A3872A0}.LtcgRelease|x64.Build.0 = ReleaseLEXE|x64
		{6FF7436F-B3F6-4AE9-A3AC-CFDE8A3872A0}.StaticDebug|Win32.ActiveCfg = DebugSEXE|Win32
		{6FF7436F-B3F6-4AE9-A3AC-CFDE8A3872A0}.StaticDebug|Win32.Build.0 = DebugSEXE|Win32
		{6FF7436F-B3F6-4AE9-A3AC-CFDE8A3872A0}.StaticDebug|x64.ActiveCfg = DebugSEXE|x64
		{6FF7436F-B3F6-4AE9-A3AC-CFDE8A3872A0}.StaticDebug|x64.Build.0 = DebugSEXE|x64
		{6FF7436F-B3F6-4AE9-A3AC-CFDE8A3872A0}.StaticRelease|Win32.ActiveCfg = ReleaseSEXE|Win32
		{6FF7436F-B3F6-4AE9-A3AC-CFDE8A3872A0}.StaticRelease|Win32.Build.0 = ReleaseSEXE|Win32
		{6FF7436F-B3F6-4AE9-A3AC-CFDE8A3872A0}.StaticRelease|x64.ActiveCfg = ReleaseSEXE|x64
		{6FF7436F-B3F6-4AE9-A3AC-CFDE8A3872A0}.StaticRelease|x64.Build.0 = ReleaseSEXE|x64
		{B15E059C-0CBB-4A82-8C42-6567FB650802}.DynDebug|Win32.ActiveCfg = DebugDEXE|Win32
		{B15E059C-0CBB-4A82-8C42-6567FB650802}.DynDebug|Win32.Build.0 = DebugDEXE|Win32
		{B15E059C-0CBB-4A82-8C42-6567FB650802}.DynDebug|x64.ActiveCfg = DebugDEXE|x64
		{B15E059C-0CBB-4A82-8C42-6567FB650802}.DynDebug|x64.Build.0 = DebugDEXE|x64
		{B15E059C-0CBB-4A82-8C42-6567FB650802}.DynRelease|Win32.ActiveCfg = ReleaseDEXE|Win32
		{B15E059C-0CBB-4A82-8C42-6567FB650802}.DynRelease|Win32.Build.0 = ReleaseDEXE|Win32
		{B15E059C-0CBB-4A82-8C42-6567FB650802}.DynRelease|x64.ActiveCfg = ReleaseDEXE|x64
		{B15E059C-0CBB-4A82-8C42-6567FB650802}.DynRelease|x64.Build.0 = ReleaseDEXE|x64
		{B15E059C-0CBB-4A82-8C42-6567FB650802}.LtcgDebug|Win32.ActiveCfg = DebugLEXE|Win32
		{B15E059C-0CBB-4A82-8C42-6567FB650802}.LtcgDebug|Win32.Build.0 = DebugLEXE|Win32
		{B15E059C-0CBB-4A82-8C42-6567FB650802}.LtcgDebug|x64.ActiveCfg = DebugLEXE|x64
		{B15E059C-0CBB-4A82-8C42-6567FB650802}.LtcgDebug|x64.Build.0 = DebugLEXE|x64
		{B15E059C-0CBB-4A82-8C42-6567FB650802}.LtcgRelease|Win32.ActiveCfg = ReleaseLEXE|Win32
		{B15E059C-0CBB-4A82-8C42-6567FB650802}.LtcgRelease|Win32.Build.0 = ReleaseLEXE|Win32
		{B15E059C-0CBB-4A82-8C42-6567FB650802}.LtcgRelease|x64.ActiveCfg = ReleaseLEXE|x64
		{B15E059C-0CBB-4A82-8C42-6567FB650802}.LtcgRelease|x64.Build.0 = ReleaseLEXE|x64
		{B15E059C-0CBB-4A82-8C42-6567FB650802}.StaticDebug|Win32.ActiveCfg = DebugSEXE|Win32
		{B15E059C-0CBB-4A82-8C42-6567FB650802}.StaticDebug|Win32.Build.0 = DebugSEXE|Win32
		{B15E059C-0CBB-4A82-8C42-6567FB650802}.StaticDebug|x64.ActiveCfg = DebugSEXE|x64
		{B15E059C-0CBB-4A82-8C42-6567FB650802}.StaticDebug|x64.Build.0 = DebugSEXE|x64
		{B15E059C-0CBB-4A82-8C42-6567FB650802}.StaticRelease|Win32.ActiveCfg = ReleaseSEXE|Win32
		{B15E059C-0CBB-4A82-8C42-6567FB650802}.StaticRelease|Win32.Build.0 = ReleaseSEXE|Win32
		{B15E059C-0CBB-4A82-8C42-6567FB650802}.StaticRelease|x64.ActiveCfg = ReleaseSEXE|x64
		{B15E059C-0CBB-4A82-8C42-6567FB650802}.StaticRelease|x64.Build.0 = ReleaseSEXE|x64
		{9C20A37C-5D9F-4C4C-A2D9-E6EE91A077D1}.DynDebug|Win32.ActiveCfg = DebugDEXE|Win32
		{9C20A37C-5D9F-4C4C-A2D9-E6EE91A077D1}.DynDebug|Win32.Build.0 = DebugDEXE|Win32
		{9C20A37C-5D9F-4C4C-A2D9-E6EE91A077D1}.DynDebug|x64.ActiveCfg = DebugDEXE|x64
		{9C20A37C-5D9F-4C4C-A2D9-E6EE91A077D1}.DynDebug|x64.Build.0 = DebugDEXE|x64
		{9C20A37C-5D9F-4C4C-A2D9-E6EE91A077D1}.DynRelease|Win32.ActiveCfg = ReleaseDEXE|Win32
		{9C20A37C-5D9F-4C4C-A2D9-E6EE91A077D1}.DynRelease|Win32.Build.0 = ReleaseDEXE|Win32
		{9C20A37C-5D9F-4C4C-A2D9-E6EE91A077D1}.DynRelease|x64.ActiveCfg = ReleaseDEXE|x64
		{9C20A37C-5D9F-4C4C-A2D9-E6EE91A077D1}.DynRelease|x64.Build.0 = ReleaseDEXE|x64
		{9C20A37C-5D9F-4C4C-A2D9-E6EE91A077D1}.LtcgDebug|Win32.ActiveCfg = DebugLEXE|Win32
		{9C20A37C-5D9F-4C4C-A2D9-E6EE91A077D1}.LtcgDebug|Win32.Build.0 = DebugLEXE|Win32
		{9C20A37C-5D9F-4C4C-A2D9-E6EE91A077D1}.LtcgDebug|x64.ActiveCfg = DebugLEXE|x64
		{9C20A37C-5D9F-4C4C-A2D9-E6EE91A077D1}.LtcgDebug|x64.Build.0 = DebugLEXE|x64
		{9C20A37C-5D9F-4C4C-A2D9-E6EE91A077D1}.LtcgRelease|Win32.ActiveCfg = ReleaseLEXE|Win32
		{9C20A37C-5D9F-4C4C-A2D9-E6EE91A077D1}.LtcgRelease|Win32.Build.0 = ReleaseLEXE|Win32
		{9C20A37C-5D9F-4C4C-A2D9-E6EE91A077D1}.LtcgRelease|x64.ActiveCfg = ReleaseLEXE|x64
		{9C20A37C-5D9F-4C4C-A2D9-E6EE91A077D1}.LtcgRelease|x64.Build.0 = ReleaseLEXE|x64
		{9C20A37C-5D9F-4C4C-A2D9-E6EE91A077D1}.StaticDebug|Win32.ActiveCfg = DebugSEXE|Win32
		{9C20A37C-5D9F-4C4C-A2D9-E6EE91A077D1}.StaticDebug|Win32.Build.0 = DebugSEXE|Win32
		{9C20A37C-5D9F-4C4C-A2D9-E6EE91A077D1}.StaticDebug|x64.ActiveCfg = DebugSEXE|x64
		{9C20A37C-5D9F-4C4C-A2D9-E6EE91A077D1}.StaticDebug|x64.Build.0 = DebugSEXE|x64
		{9C20A37C-5D9F-4C4C-A2D9-E6EE91A077D1}.StaticRelease|Win32.ActiveCfg = ReleaseSEXE|Win32
		{9C20A37C-5D9F-4C4C-A2D9-E6EE91A077D1}.StaticRelease|Win32.Build.0 = ReleaseSEXE|Win32
		{9C20A37C-5D9F-4C4C-A2D9-E6EE91A077D1}.StaticRelease|x64.ActiveCfg = ReleaseSEXE|x64
		{9C20A37C-5D9F-4C4C-A2D9-E6EE91A077D1}.StaticRelease|x64.Build.0 = ReleaseSEXE|x64
		{8EF2DF6B-6646-460F-8032-913B70FE0E94}.DynDebug|Win32.ActiveCfg = DebugDEXE|Win32
		{8EF2DF6B-6646-460F-8032-913B70FE0E94}.DynDebug|Win32.Build.0 = DebugDEXE|Win32
		{8EF2DF6B-6646-460F-8032-913B70FE0E94}.DynDebug|x64.ActiveCfg = DebugDEXE|x64
		{8EF2DF6B-6646-460F-8032-913B70FE0E94}.DynDebug|x64.Build.0 = DebugDEXE|x64
		{8EF2DF6B-6646-460F-8032-913B70FE0E94}.DynRelease|Win32.ActiveCfg = ReleaseDEXE|Win32
		{8EF2DF6B-6646-460F-8032-913B70FE0E94}.DynRelease|Win32.Build.0 = ReleaseDEXE|Win32
		{8EF2DF6B-6646-460F-8032-913B70FE0E94}.DynRelease|x64.ActiveCfg = ReleaseDEXE|x64
		{8EF2DF6B-6646-460F-8032-913B70FE0E94}.DynRelease|x64.Build.0 = ReleaseDEXE|x64
		{8EF2DF6B-6646-460F-8032-913B70FE0E94}.LtcgDebug|Win32.ActiveCfg = DebugLEXE|Win32
		{8EF2DF6B-6646-460F-8032-913B70FE0E94}.LtcgDebug|Win32.Build.0 = DebugLEXE|Win32
		{8EF2DF6B-6646-460F-8032-913B70FE0E94}.LtcgDebug|x64.ActiveCfg = DebugLEXE|x64
		{8EF2DF6B-6646-460F-8032-913B70FE0E94}.LtcgDebug|x64.Build.0 = DebugLEXE|x64
		{8EF2DF6B-6646-460F-8032-913B70FE0E94}.LtcgRelease|Win32.ActiveCfg = ReleaseLEXE|Win32
		{8EF2DF6B-6646-460F-8032-913B70FE0E94}.LtcgRelease|Win32.Build.0 = ReleaseLEXE|Win32
		{8EF2DF6B-6646-460F-8032-913B70FE0E94}.LtcgRelease|x64.ActiveCfg = ReleaseLEXE|x64
		{8EF2DF6B-6646-460F-8032-913B70FE0E94}.LtcgRelease|x64.Build.0 = ReleaseLEXE|x64
		{8EF2DF6B-6646-460F-8032-913B70FE0E94}.StaticDebug|Win32.ActiveCfg = DebugSEXE|Win32
		{8EF2DF6B-6646-460F-8032-913B70FE0E94}.StaticDebug|Win32.Build.0 = DebugSEXE|Win32
		{8EF2DF6B-6646-460F-8032-913B70FE0E94}.StaticDebug|x64.ActiveCfg = DebugSEXE|x64
		{8EF2DF6B-6646-460F-8032-913B70FE0E94}.StaticDebug|x64.Build.0 = DebugSEXE|x64
		{8EF2DF6B-6646-460F-8032-913B70FE0E94}.StaticRelease|Win32.ActiveCfg = ReleaseSEXE|Win32
		{8EF2DF6B-6646-460F-8032-913B70FE0E94}.StaticRelease|Win32.Build.0 = ReleaseSEXE|Win32
		{8EF2DF6B-6646-460F-8032-913B70FE0E94}.StaticRelease|x64.ActiveCfg = ReleaseSEXE|x64
		{8EF2DF6B-6646-460F-8032-913B70FE0E94}.StaticRelease|x64.Build.0 = ReleaseSEXE|x64
		{4FDB8C73-9D4A-4D87-A4A9-A7FC06DFEA57}.DynDebug|Win32.ActiveCfg = DebugDEXE|Win32
		{4FDB8C73-9D4A-4D87-A4A9-A7FC06DFEA57}.DynDebug|Win32.Build.0 = DebugDEXE|Win32
		{4FDB8C73-9D4A-4D87-A4A9-A7FC06DFEA57}.DynDebug|x64.ActiveCfg = DebugDEXE|x64
		{4FDB8C73-9D4A-4D87-A4A9-A7FC06DFEA57}.DynDebug|x64.Build.0 = DebugDEXE|x64
		{4FDB8C73-9D4A-4D87-A4A9-A7FC06DFEA57}.DynRelease|Win32.ActiveCfg = ReleaseDEXE|Win32
		{4FDB8C73-9D4A-4D87-A4A9-A7FC06DFEA57}.DynRelease|Win32.Build.0 = ReleaseDEXE|Win32
		{4FDB8C73-9D4A-4D87-A4A9-A7FC06DFEA57}.DynRelease|x64.ActiveCfg = ReleaseDEXE|x64
		{4FDB8C73-9D4A-4D87-A4A9-A7FC06DFEA57}.DynRelease|x64.Build.0 = ReleaseDEXE|x64
		{4FDB8C73-9D4A-4D87-A4A9-A7FC06DFEA57}.LtcgDebug|Win32.ActiveCfg = DebugLEXE|Win32
		{4FDB8C73-9D4A-4D87-A4A9-A7FC06DFEA57}.LtcgDebug|Win32.Build.0 = DebugLEXE|Win32
		{4FDB8C73-9D4A-4D87-A4A9-A7FC06DFEA57}.LtcgDebug|x64.ActiveCfg = DebugLEXE|x64
		{4FDB8C73-9D4A-4D87-A4A9-A7FC06DFEA57}.LtcgDebug|x64.Build.0 = DebugLEXE|x64
		{4FDB8C73-9D4A-4D87-A4A9-A7FC06DFEA57}.LtcgRelease|Win32.ActiveCfg = ReleaseLEXE|Win32
		{4FDB8C73-9D4A-4D87-A4A9-A7FC06DFEA57}.LtcgRelease|Win32.Build.0 = ReleaseLEXE|Win32
		{4FDB8C73-9D4A-4D87-A4A9-A7FC06DFEA57}.LtcgRelease|x64.ActiveCfg = ReleaseLEXE|x64
		{4FDB8C73-9D4A-4D87-A4A9-A7FC06DFEA57}.LtcgRelease|x64.Build.0 = ReleaseLEXE|x64
		{4FDB8C73-9D4A-4D87-A4A9-A7FC06DFEA57}.StaticDebug|Win32.ActiveCfg = DebugSEXE|Win32
		{4FDB8C73-9D4A-4D87-A4A9-A7FC06DFEA57}.StaticDebug|Win32.Build.0 = DebugSEXE|Win32
		{4FDB8C73-9D4A-4D87-A4A9-A7FC06DFEA57}.StaticDebug|x64.ActiveCfg = DebugSEXE|x64
		{4FDB8C73-9D4A-4D87-A4A9-A7FC06DFEA57}.StaticDebug|x64.Build.0 = DebugSEXE|x64
		{4FDB8C73-9D4A-4D87-A4A9-A7FC06DFEA57}.StaticRelease|Win32.ActiveCfg = ReleaseSEXE|Win32
		{4FDB8C73-9D4A-4D87-A4A9-A7FC06DFEA57}.StaticRelease|Win32.Build.0 = ReleaseSEXE|Win32
		{4FDB8C73-9D4A-4D87-A4A9-A7FC06DFEA57}.StaticRelease|x64.ActiveCfg = ReleaseSEXE|x64
		{4FDB8C73-9D4A-4D87-A4A9-A7FC06DFEA57}.StaticRelease|x64.Build.0 = ReleaseSEXE|x64
	EndGlobalSection
	GlobalSection(SolutionProperties) = preSolution
		HideSolutionNode = FALSE
	EndGlobalSection
EndGlobal
